
Microsoft Visual Studio Solution File, Format Version 12.00
# Visual Studio Version 17
VisualStudioVersion = 17.5.002.0
MinimumVisualStudioVersion = 10.0.40219.1
Project("{9A19103F-16F7-4668-BE54-9A1E7A4F7556}") = "StoreApp", "StoreApp.csproj", "{300557C7-9A70-4263-AFDC-D578EA0A5D7F}"
EndProject
Global
	GlobalSection(SolutionConfigurationPlatforms) = preSolution
		Debug|Any CPU = Debug|Any CPU
		Release|Any CPU = Release|Any CPU
	EndGlobalSection
	GlobalSection(ProjectConfigurationPlatforms) = postSolution
		{300557C7-9A70-4263-AFDC-D578EA0A5D7F}.Debug|Any CPU.ActiveCfg = Debug|Any CPU
		{300557C7-9A70-4263-AFDC-D578EA0A5D7F}.Debug|Any CPU.Build.0 = Debug|Any CPU
		{300557C7-9A70-4263-AFDC-D578EA0A5D7F}.Release|Any CPU.ActiveCfg = Release|Any CPU
		{300557C7-9A70-4263-AFDC-D578EA0A5D7F}.Release|Any CPU.Build.0 = Release|Any CPU
	EndGlobalSection
	GlobalSection(SolutionProperties) = preSolution
		HideSolutionNode = FALSE
	EndGlobalSection
	GlobalSection(ExtensibilityGlobals) = postSolution
		SolutionGuid = {8E02AD4D-B191-4AFC-A44C-D319BB7846C0}
	EndGlobalSection
EndGlobal
